
Microsoft Visual Studio Solution File, Format Version 12.00
# Visual Studio Version 16
VisualStudioVersion = 16.0.30503.244
MinimumVisualStudioVersion = 10.0.40219.1
Project("{9A19103F-16F7-4668-BE54-9A1E7A4F7556}") = "SampleWebApi", "src\SampleWebApi.csproj", "{807FC708-A1E5-4DE7-9A15-4390FAFC27FC}"
EndProject
Global
	GlobalSection(SolutionConfigurationPlatforms) = preSolution
		Debug|Any CPU = Debug|Any CPU
		Release|Any CPU = Release|Any CPU
	EndGlobalSection
	GlobalSection(ProjectConfigurationPlatforms) = postSolution
		{807FC708-A1E5-4DE7-9A15-4390FAFC27FC}.Debug|Any CPU.ActiveCfg = Debug|Any CPU
		{807FC708-A1E5-4DE7-9A15-4390FAFC27FC}.Debug|Any CPU.Build.0 = Debug|Any CPU
		{807FC708-A1E5-4DE7-9A15-4390FAFC27FC}.Release|Any CPU.ActiveCfg = Release|Any CPU
		{807FC708-A1E5-4DE7-9A15-4390FAFC27FC}.Release|Any CPU.Build.0 = Release|Any CPU
	EndGlobalSection
	GlobalSection(SolutionProperties) = preSolution
		HideSolutionNode = FALSE
	EndGlobalSection
	GlobalSection(ExtensibilityGlobals) = postSolution
		SolutionGuid = {41BC6801-AF9F-4759-9324-40336E0496EA}
	EndGlobalSection
EndGlobal
